
Microsoft Visual Studio Solution File, Format Version 12.00
# Visual Studio 14
VisualStudioVersion = 14.0.25420.1
MinimumVisualStudioVersion = 10.0.40219.1
Project("{8BB2217D-0F2D-49D1-97BC-3654ED321F3B}") = "DoobesBackup.Service", "src\DoobesBackup.Service\DoobesBackup.Service.xproj", "{9387F636-874C-4740-BE54-86DD230F7B0F}"
EndProject
Project("{8BB2217D-0F2D-49D1-97BC-3654ED321F3B}") = "Nancy", "lib\Nancy\src\Nancy\Nancy.xproj", "{87C7C329-1824-4AC7-AF25-3D06068A01F6}"
EndProject
Project("{8BB2217D-0F2D-49D1-97BC-3654ED321F3B}") = "DoobesBackup.Domain", "src\DoobesBackup.Domain\DoobesBackup.Domain.xproj", "{3D41313D-911B-46CA-8A7B-3276D9B8B881}"
EndProject
Project("{2150E333-8FDC-42A3-9474-1A3956D46DE8}") = "Solution Items", "Solution Items", "{D45F664E-CC0E-4241-85F4-1B27DA5B099D}"
	ProjectSection(SolutionItems) = preProject
		global.json = global.json
		README.md = README.md
		Settings.StyleCop = Settings.StyleCop
		WebEssentials2015-Settings.json = WebEssentials2015-Settings.json
	EndProjectSection
EndProject
Project("{2150E333-8FDC-42A3-9474-1A3956D46DE8}") = "src", "src", "{0F43EECC-FF4D-48E6-9E86-0D145558B326}"
EndProject
Project("{2150E333-8FDC-42A3-9474-1A3956D46DE8}") = "test", "test", "{8DDDCE43-9F84-4D02-9051-70D1B526C067}"
EndProject
Project("{2150E333-8FDC-42A3-9474-1A3956D46DE8}") = "lib", "lib", "{99849D91-CBF8-4E38-A240-40EE3BC9F11E}"
EndProject
Project("{8BB2217D-0F2D-49D1-97BC-3654ED321F3B}") = "DoobesBackup.Domain.UnitTests", "test\DoobesBackup.Domain.UnitTests\DoobesBackup.Domain.UnitTests.xproj", "{0C5E6E04-A52A-450C-B9B1-806E51857634}"
EndProject
Project("{8BB2217D-0F2D-49D1-97BC-3654ED321F3B}") = "DoobesBackup.Infrastructure", "src\DoobesBackup.Infrastructure\DoobesBackup.Infrastructure.xproj", "{70B249E5-4B1F-439A-B8D3-19F022213493}"
EndProject
Project("{8BB2217D-0F2D-49D1-97BC-3654ED321F3B}") = "DoobesBackup.Service.UnitTests", "test\DoobesBackup.Service.UnitTests\DoobesBackup.Service.UnitTests.xproj", "{5418599E-108F-4AE7-A452-E35700F39FB5}"
EndProject
Project("{8BB2217D-0F2D-49D1-97BC-3654ED321F3B}") = "Nancy.Testing", "lib\Nancy\src\Nancy.Testing\Nancy.Testing.xproj", "{E948F38F-4F8B-41FE-8F49-4792F4EC2531}"
EndProject
Project("{8BB2217D-0F2D-49D1-97BC-3654ED321F3B}") = "Nancy.Authentication.Forms", "lib\Nancy\src\Nancy.Authentication.Forms\Nancy.Authentication.Forms.xproj", "{52B05C75-46F1-4C1B-B660-EDD88BA38924}"
EndProject
Project("{8BB2217D-0F2D-49D1-97BC-3654ED321F3B}") = "DoobesBackup.Web", "src\DoobesBackup.Web\DoobesBackup.Web.xproj", "{750D2DF0-2415-4551-B13E-E867B56C2E46}"
EndProject
Project("{FAE04EC0-301F-11D3-BF4B-00C04F79EFBC}") = "DoobesBackup.UI", "DoobesBackup.UI\DoobesBackup.UI.csproj", "{64E1E578-360B-4F3B-B9F7-B0D3D8541890}"
EndProject
Global
	GlobalSection(SolutionConfigurationPlatforms) = preSolution
		Debug|Any CPU = Debug|Any CPU
		Release|Any CPU = Release|Any CPU
	EndGlobalSection
	GlobalSection(ProjectConfigurationPlatforms) = postSolution
		{9387F636-874C-4740-BE54-86DD230F7B0F}.Debug|Any CPU.ActiveCfg = Debug|Any CPU
		{9387F636-874C-4740-BE54-86DD230F7B0F}.Debug|Any CPU.Build.0 = Debug|Any CPU
		{9387F636-874C-4740-BE54-86DD230F7B0F}.Release|Any CPU.ActiveCfg = Release|Any CPU
		{9387F636-874C-4740-BE54-86DD230F7B0F}.Release|Any CPU.Build.0 = Release|Any CPU
		{87C7C329-1824-4AC7-AF25-3D06068A01F6}.Debug|Any CPU.ActiveCfg = Debug|Any CPU
		{87C7C329-1824-4AC7-AF25-3D06068A01F6}.Debug|Any CPU.Build.0 = Debug|Any CPU
		{87C7C329-1824-4AC7-AF25-3D06068A01F6}.Release|Any CPU.ActiveCfg = Release|Any CPU
		{87C7C329-1824-4AC7-AF25-3D06068A01F6}.Release|Any CPU.Build.0 = Release|Any CPU
		{3D41313D-911B-46CA-8A7B-3276D9B8B881}.Debug|Any CPU.ActiveCfg = Debug|Any CPU
		{3D41313D-911B-46CA-8A7B-3276D9B8B881}.Debug|Any CPU.Build.0 = Debug|Any CPU
		{3D41313D-911B-46CA-8A7B-3276D9B8B881}.Release|Any CPU.ActiveCfg = Release|Any CPU
		{3D41313D-911B-46CA-8A7B-3276D9B8B881}.Release|Any CPU.Build.0 = Release|Any CPU
		{0C5E6E04-A52A-450C-B9B1-806E51857634}.Debug|Any CPU.ActiveCfg = Debug|Any CPU
		{0C5E6E04-A52A-450C-B9B1-806E51857634}.Debug|Any CPU.Build.0 = Debug|Any CPU
		{0C5E6E04-A52A-450C-B9B1-806E51857634}.Release|Any CPU.ActiveCfg = Release|Any CPU
		{0C5E6E04-A52A-450C-B9B1-806E51857634}.Release|Any CPU.Build.0 = Release|Any CPU
		{70B249E5-4B1F-439A-B8D3-19F022213493}.Debug|Any CPU.ActiveCfg = Debug|Any CPU
		{70B249E5-4B1F-439A-B8D3-19F022213493}.Debug|Any CPU.Build.0 = Debug|Any CPU
		{70B249E5-4B1F-439A-B8D3-19F022213493}.Release|Any CPU.ActiveCfg = Release|Any CPU
		{70B249E5-4B1F-439A-B8D3-19F022213493}.Release|Any CPU.Build.0 = Release|Any CPU
		{5418599E-108F-4AE7-A452-E35700F39FB5}.Debug|Any CPU.ActiveCfg = Debug|Any CPU
		{5418599E-108F-4AE7-A452-E35700F39FB5}.Debug|Any CPU.Build.0 = Debug|Any CPU
		{5418599E-108F-4AE7-A452-E35700F39FB5}.Release|Any CPU.ActiveCfg = Release|Any CPU
		{5418599E-108F-4AE7-A452-E35700F39FB5}.Release|Any CPU.Build.0 = Release|Any CPU
		{E948F38F-4F8B-41FE-8F49-4792F4EC2531}.Debug|Any CPU.ActiveCfg = Debug|Any CPU
		{E948F38F-4F8B-41FE-8F49-4792F4EC2531}.Debug|Any CPU.Build.0 = Debug|Any CPU
		{E948F38F-4F8B-41FE-8F49-4792F4EC2531}.Release|Any CPU.ActiveCfg = Release|Any CPU
		{E948F38F-4F8B-41FE-8F49-4792F4EC2531}.Release|Any CPU.Build.0 = Release|Any CPU
		{52B05C75-46F1-4C1B-B660-EDD88BA38924}.Debug|Any CPU.ActiveCfg = Debug|Any CPU
		{52B05C75-46F1-4C1B-B660-EDD88BA38924}.Debug|Any CPU.Build.0 = Debug|Any CPU
		{52B05C75-46F1-4C1B-B660-EDD88BA38924}.Release|Any CPU.ActiveCfg = Release|Any CPU
		{52B05C75-46F1-4C1B-B660-EDD88BA38924}.Release|Any CPU.Build.0 = Release|Any CPU
		{750D2DF0-2415-4551-B13E-E867B56C2E46}.Debug|Any CPU.ActiveCfg = Debug|Any CPU
		{750D2DF0-2415-4551-B13E-E867B56C2E46}.Debug|Any CPU.Build.0 = Debug|Any CPU
		{750D2DF0-2415-4551-B13E-E867B56C2E46}.Release|Any CPU.ActiveCfg = Release|Any CPU
		{750D2DF0-2415-4551-B13E-E867B56C2E46}.Release|Any CPU.Build.0 = Release|Any CPU
		{64E1E578-360B-4F3B-B9F7-B0D3D8541890}.Debug|Any CPU.ActiveCfg = Debug|Any CPU
		{64E1E578-360B-4F3B-B9F7-B0D3D8541890}.Debug|Any CPU.Build.0 = Debug|Any CPU
		{64E1E578-360B-4F3B-B9F7-B0D3D8541890}.Release|Any CPU.ActiveCfg = Release|Any CPU
		{64E1E578-360B-4F3B-B9F7-B0D3D8541890}.Release|Any CPU.Build.0 = Release|Any CPU
	EndGlobalSection
	GlobalSection(SolutionProperties) = preSolution
		HideSolutionNode = FALSE
	EndGlobalSection
	GlobalSection(NestedProjects) = preSolution
		{9387F636-874C-4740-BE54-86DD230F7B0F} = {0F43EECC-FF4D-48E6-9E86-0D145558B326}
		{87C7C329-1824-4AC7-AF25-3D06068A01F6} = {99849D91-CBF8-4E38-A240-40EE3BC9F11E}
		{3D41313D-911B-46CA-8A7B-3276D9B8B881} = {0F43EECC-FF4D-48E6-9E86-0D145558B326}
		{0C5E6E04-A52A-450C-B9B1-806E51857634} = {8DDDCE43-9F84-4D02-9051-70D1B526C067}
		{70B249E5-4B1F-439A-B8D3-19F022213493} = {0F43EECC-FF4D-48E6-9E86-0D145558B326}
		{5418599E-108F-4AE7-A452-E35700F39FB5} = {8DDDCE43-9F84-4D02-9051-70D1B526C067}
		{E948F38F-4F8B-41FE-8F49-4792F4EC2531} = {99849D91-CBF8-4E38-A240-40EE3BC9F11E}
		{52B05C75-46F1-4C1B-B660-EDD88BA38924} = {99849D91-CBF8-4E38-A240-40EE3BC9F11E}
		{750D2DF0-2415-4551-B13E-E867B56C2E46} = {0F43EECC-FF4D-48E6-9E86-0D145558B326}
		{64E1E578-360B-4F3B-B9F7-B0D3D8541890} = {0F43EECC-FF4D-48E6-9E86-0D145558B326}
	EndGlobalSection
EndGlobal
